
Microsoft Visual Studio Solution File, Format Version 12.00
# Visual Studio Version 16
VisualStudioVersion = 16.0.29409.12
MinimumVisualStudioVersion = 10.0.40219.1
Project("{FAE04EC0-301F-11D3-BF4B-00C04F79EFBC}") = "DutchTreat", "DutchTreat.csproj", "{829A28C2-F102-4FCB-9838-52C5189E2EFF}"
EndProject
Global
	GlobalSection(SolutionConfigurationPlatforms) = preSolution
		Debug|Any CPU = Debug|Any CPU
		Release|Any CPU = Release|Any CPU
	EndGlobalSection
	GlobalSection(ProjectConfigurationPlatforms) = postSolution
		{829A28C2-F102-4FCB-9838-52C5189E2EFF}.Debug|Any CPU.ActiveCfg = Debug|Any CPU
		{829A28C2-F102-4FCB-9838-52C5189E2EFF}.Debug|Any CPU.Build.0 = Debug|Any CPU
		{829A28C2-F102-4FCB-9838-52C5189E2EFF}.Release|Any CPU.ActiveCfg = Release|Any CPU
		{829A28C2-F102-4FCB-9838-52C5189E2EFF}.Release|Any CPU.Build.0 = Release|Any CPU
	EndGlobalSection
	GlobalSection(SolutionProperties) = preSolution
		HideSolutionNode = FALSE
	EndGlobalSection
	GlobalSection(ExtensibilityGlobals) = postSolution
		SolutionGuid = {C28D6624-FFB2-4806-9DB6-48F02927CC3C}
	EndGlobalSection
EndGlobal
